github.com/tidwall/gjson v1.5.0 h1:QCssIUI7J0RStkzIcI4A7O6P8rDA5wi5IPf70uqKSxg=
github.com/tidwall/gjson v1.5.0/go.mod h1:P256ACg0Mn+j1RXIDXoss50DeIABTYK1PULOJHhxOls=
github.com/tidwall/match v1.0.1 h1:PnKP62LPNxHKTwvHHZZzdOAOCtsJTjo6dZLCwpKm5xc=
github.com/tidwall/match v1.0.1/go.mod h1:LujAq0jyVjBy028G1WhWfIzbpQfMO8bBZ6Tyb0+pL9E=
github.com/tidwall/pretty v1.0.0 h1:HsD+QiTn7sK6flMKIvNmpqz1qrpP3Ps6jOKIKMooyg4=
github.com/tidwall/pretty v1.0.0/go.mod h1:XNkn88O1ChpSDQmQeStsy+sBenx6DDtFZJxhVysOjyk=
github.com/tidwall/tinylru v1.0.2 h1:W4mp7iUz4cnVMqAvWy2zbzC35ASv5sqdyyEjoQKKBFg=
github.com/tidwall/tinylru v1.0.2/go.mod h1:HDVL7TsWeezQ4g44Um84TOVBMFcq7Xa9giqNc805KJ8=
